
Microsoft Visual Studio Solution File, Format Version 12.00
# Visual Studio Version 16
VisualStudioVersion = 16.0.30413.136
MinimumVisualStudioVersion = 10.0.40219.1
Project("{FAE04EC0-301F-11D3-BF4B-00C04F79EFBC}") = "M01-Demo-Console", "M01-Demo-Console\M01-Demo-Console.csproj", "{6047CF58-8508-46EB-8F4B-10607549B72E}"
EndProject
Project("{FAE04EC0-301F-11D3-BF4B-00C04F79EFBC}") = "M03-Demo-Text", "M03-Demo-Text\M03-Demo-Text.csproj", "{EBFA63B1-B440-48D6-85ED-DFF52FB0C56A}"
EndProject
Project("{FAE04EC0-301F-11D3-BF4B-00C04F79EFBC}") = "M04-Demo-Numbers", "M04-Demo-Numbers\M04-Demo-Numbers.csproj", "{65650A5F-A85E-4961-8E15-280BAC087E91}"
EndProject
Project("{FAE04EC0-301F-11D3-BF4B-00C04F79EFBC}") = "M04-UE-Mini-Rechner", "M04-UE-Mini-Rechner\M04-UE-Mini-Rechner.csproj", "{7571A31C-57AF-4AC4-BF12-7E2BF677D4EB}"
EndProject
Project("{FAE04EC0-301F-11D3-BF4B-00C04F79EFBC}") = "M05-Demo-Conditions", "M05-Demo-Conditions\M05-Demo-Conditions.csproj", "{10F11A03-AEE5-4EE2-9407-6857E5AD3C61}"
EndProject
Project("{FAE04EC0-301F-11D3-BF4B-00C04F79EFBC}") = "M06-UE-Zahlenratespiel", "M06-UE-Zahlenratespiel\M06-UE-Zahlenratespiel.csproj", "{61286B19-4E4A-410D-B1FF-19A1F1313F37}"
EndProject
Global
	GlobalSection(SolutionConfigurationPlatforms) = preSolution
		Debug|Any CPU = Debug|Any CPU
		Release|Any CPU = Release|Any CPU
	EndGlobalSection
	GlobalSection(ProjectConfigurationPlatforms) = postSolution
		{6047CF58-8508-46EB-8F4B-10607549B72E}.Debug|Any CPU.ActiveCfg = Debug|Any CPU
		{6047CF58-8508-46EB-8F4B-10607549B72E}.Debug|Any CPU.Build.0 = Debug|Any CPU
		{6047CF58-8508-46EB-8F4B-10607549B72E}.Release|Any CPU.ActiveCfg = Release|Any CPU
		{6047CF58-8508-46EB-8F4B-10607549B72E}.Release|Any CPU.Build.0 = Release|Any CPU
		{EBFA63B1-B440-48D6-85ED-DFF52FB0C56A}.Debug|Any CPU.ActiveCfg = Debug|Any CPU
		{EBFA63B1-B440-48D6-85ED-DFF52FB0C56A}.Debug|Any CPU.Build.0 = Debug|Any CPU
		{EBFA63B1-B440-48D6-85ED-DFF52FB0C56A}.Release|Any CPU.ActiveCfg = Release|Any CPU
		{EBFA63B1-B440-48D6-85ED-DFF52FB0C56A}.Release|Any CPU.Build.0 = Release|Any CPU
		{65650A5F-A85E-4961-8E15-280BAC087E91}.Debug|Any CPU.ActiveCfg = Debug|Any CPU
		{65650A5F-A85E-4961-8E15-280BAC087E91}.Debug|Any CPU.Build.0 = Debug|Any CPU
		{65650A5F-A85E-4961-8E15-280BAC087E91}.Release|Any CPU.ActiveCfg = Release|Any CPU
		{65650A5F-A85E-4961-8E15-280BAC087E91}.Release|Any CPU.Build.0 = Release|Any CPU
		{7571A31C-57AF-4AC4-BF12-7E2BF677D4EB}.Debug|Any CPU.ActiveCfg = Debug|Any CPU
		{7571A31C-57AF-4AC4-BF12-7E2BF677D4EB}.Debug|Any CPU.Build.0 = Debug|Any CPU
		{7571A31C-57AF-4AC4-BF12-7E2BF677D4EB}.Release|Any CPU.ActiveCfg = Release|Any CPU
		{7571A31C-57AF-4AC4-BF12-7E2BF677D4EB}.Release|Any CPU.Build.0 = Release|Any CPU
		{10F11A03-AEE5-4EE2-9407-6857E5AD3C61}.Debug|Any CPU.ActiveCfg = Debug|Any CPU
		{10F11A03-AEE5-4EE2-9407-6857E5AD3C61}.Debug|Any CPU.Build.0 = Debug|Any CPU
		{10F11A03-AEE5-4EE2-9407-6857E5AD3C61}.Release|Any CPU.ActiveCfg = Release|Any CPU
		{10F11A03-AEE5-4EE2-9407-6857E5AD3C61}.Release|Any CPU.Build.0 = Release|Any CPU
		{61286B19-4E4A-410D-B1FF-19A1F1313F37}.Debug|Any CPU.ActiveCfg = Debug|Any CPU
		{61286B19-4E4A-410D-B1FF-19A1F1313F37}.Debug|Any CPU.Build.0 = Debug|Any CPU
		{61286B19-4E4A-410D-B1FF-19A1F1313F37}.Release|Any CPU.ActiveCfg = Release|Any CPU
		{61286B19-4E4A-410D-B1FF-19A1F1313F37}.Release|Any CPU.Build.0 = Release|Any CPU
	EndGlobalSection
	GlobalSection(SolutionProperties) = preSolution
		HideSolutionNode = FALSE
	EndGlobalSection
	GlobalSection(ExtensibilityGlobals) = postSolution
		SolutionGuid = {52A346DA-6F08-44B7-965F-F580278E0FF6}
	EndGlobalSection
EndGlobal
