
Microsoft Visual Studio Solution File, Format Version 12.00
# Visual Studio Version 16
VisualStudioVersion = 16.0.30413.136
MinimumVisualStudioVersion = 10.0.40219.1
Project("{9A19103F-16F7-4668-BE54-9A1E7A4F7556}") = "M01-Demo-Console", "M01-Demo-Console\M01-Demo-Console.csproj", "{6047CF58-8508-46EB-8F4B-10607549B72E}"
EndProject
Project("{9A19103F-16F7-4668-BE54-9A1E7A4F7556}") = "M03-Demo-Text", "M03-Demo-Text\M03-Demo-Text.csproj", "{EBFA63B1-B440-48D6-85ED-DFF52FB0C56A}"
EndProject
Project("{9A19103F-16F7-4668-BE54-9A1E7A4F7556}") = "M04-Demo-Numbers", "M04-Demo-Numbers\M04-Demo-Numbers.csproj", "{65650A5F-A85E-4961-8E15-280BAC087E91}"
EndProject
Project("{9A19103F-16F7-4668-BE54-9A1E7A4F7556}") = "M04-UE-Mini-Rechner", "M04-UE-Mini-Rechner\M04-UE-Mini-Rechner.csproj", "{7571A31C-57AF-4AC4-BF12-7E2BF677D4EB}"
EndProject
Project("{9A19103F-16F7-4668-BE54-9A1E7A4F7556}") = "M05-Demo-Conditions", "M05-Demo-Conditions\M05-Demo-Conditions.csproj", "{10F11A03-AEE5-4EE2-9407-6857E5AD3C61}"
EndProject
Project("{9A19103F-16F7-4668-BE54-9A1E7A4F7556}") = "M06-UE-Zahlenratespiel", "M06-UE-Zahlenratespiel\M06-UE-Zahlenratespiel.csproj", "{61286B19-4E4A-410D-B1FF-19A1F1313F37}"
EndProject
Project("{9A19103F-16F7-4668-BE54-9A1E7A4F7556}") = "M07-Demo-Arrays", "M07-Demo-Arrays\M07-Demo-Arrays.csproj", "{18E2176E-CFED-447B-82EE-E1962ABC34FD}"
EndProject
Project("{9A19103F-16F7-4668-BE54-9A1E7A4F7556}") = "M07-UE-Lotto", "M07-UE-Lotto\M07-UE-Lotto.csproj", "{F4D5FA8B-8F33-4CCD-A383-B8AE8E54C9D4}"
EndProject
Project("{9A19103F-16F7-4668-BE54-9A1E7A4F7556}") = "M08-Demo-Methods", "M08-Demo-Methods\M08-Demo-Methods.csproj", "{BFF45B07-62FE-453C-BFF6-CF15EDBDE96F}"
EndProject
Project("{9A19103F-16F7-4668-BE54-9A1E7A4F7556}") = "M09-Demo-Classes", "M09-Demo-Classes\M09-Demo-Classes.csproj", "{4CC4B612-6BD6-4C13-B1C9-B7D6010629A5}"
EndProject
Project("{9A19103F-16F7-4668-BE54-9A1E7A4F7556}") = "M02-Demo-Scopes", "M02-Demo-Scopes\M02-Demo-Scopes.csproj", "{479F2319-E3D2-4ADD-9FAF-10DCBC1D585E}"
EndProject
Project("{9A19103F-16F7-4668-BE54-9A1E7A4F7556}") = "M09-UE-Fuhrpark-Konsument", "M09-UE-Fuhrpark-Konsument\M09-UE-Fuhrpark-Konsument.csproj", "{FB581BE7-A90F-4FCC-9F5D-D214E0583823}"
EndProject
Project("{9A19103F-16F7-4668-BE54-9A1E7A4F7556}") = "M09-UE-Fuhrpark-Bibliothek", "M09-UE-Fuhrpark-Bibliothek\M09-UE-Fuhrpark-Bibliothek.csproj", "{DAA6F956-3A8A-4065-B4DD-932ECD468992}"
EndProject
Project("{FAE04EC0-301F-11D3-BF4B-00C04F79EFBC}") = "D-M15-WinFormsFramework", "D-M15-WinFormsFramework\D-M15-WinFormsFramework.csproj", "{D1B923BC-3858-4DB7-B57F-3EF014850BF3}"
EndProject
Project("{FAE04EC0-301F-11D3-BF4B-00C04F79EFBC}") = "M10-Demo-FileAccess-Und-Serialisierung", "M10-Demo-FileAccess-Und-Serializierung\M10-Demo-FileAccess-Und-Serialisierung.csproj", "{D4C9486E-0121-4026-AE2E-0FD27D4B8121}"
EndProject
Project("{FAE04EC0-301F-11D3-BF4B-00C04F79EFBC}") = "WpfApp1", "WpfApp1\WpfApp1.csproj", "{96051BE9-CBEC-469A-82AE-E94953F0088C}"
EndProject
Global
	GlobalSection(SolutionConfigurationPlatforms) = preSolution
		Debug|Any CPU = Debug|Any CPU
		Release|Any CPU = Release|Any CPU
	EndGlobalSection
	GlobalSection(ProjectConfigurationPlatforms) = postSolution
		{6047CF58-8508-46EB-8F4B-10607549B72E}.Debug|Any CPU.ActiveCfg = Debug|Any CPU
		{6047CF58-8508-46EB-8F4B-10607549B72E}.Debug|Any CPU.Build.0 = Debug|Any CPU
		{6047CF58-8508-46EB-8F4B-10607549B72E}.Release|Any CPU.ActiveCfg = Release|Any CPU
		{6047CF58-8508-46EB-8F4B-10607549B72E}.Release|Any CPU.Build.0 = Release|Any CPU
		{EBFA63B1-B440-48D6-85ED-DFF52FB0C56A}.Debug|Any CPU.ActiveCfg = Debug|Any CPU
		{EBFA63B1-B440-48D6-85ED-DFF52FB0C56A}.Debug|Any CPU.Build.0 = Debug|Any CPU
		{EBFA63B1-B440-48D6-85ED-DFF52FB0C56A}.Release|Any CPU.ActiveCfg = Release|Any CPU
		{EBFA63B1-B440-48D6-85ED-DFF52FB0C56A}.Release|Any CPU.Build.0 = Release|Any CPU
		{65650A5F-A85E-4961-8E15-280BAC087E91}.Debug|Any CPU.ActiveCfg = Debug|Any CPU
		{65650A5F-A85E-4961-8E15-280BAC087E91}.Debug|Any CPU.Build.0 = Debug|Any CPU
		{65650A5F-A85E-4961-8E15-280BAC087E91}.Release|Any CPU.ActiveCfg = Release|Any CPU
		{65650A5F-A85E-4961-8E15-280BAC087E91}.Release|Any CPU.Build.0 = Release|Any CPU
		{7571A31C-57AF-4AC4-BF12-7E2BF677D4EB}.Debug|Any CPU.ActiveCfg = Debug|Any CPU
		{7571A31C-57AF-4AC4-BF12-7E2BF677D4EB}.Debug|Any CPU.Build.0 = Debug|Any CPU
		{7571A31C-57AF-4AC4-BF12-7E2BF677D4EB}.Release|Any CPU.ActiveCfg = Release|Any CPU
		{7571A31C-57AF-4AC4-BF12-7E2BF677D4EB}.Release|Any CPU.Build.0 = Release|Any CPU
		{10F11A03-AEE5-4EE2-9407-6857E5AD3C61}.Debug|Any CPU.ActiveCfg = Debug|Any CPU
		{10F11A03-AEE5-4EE2-9407-6857E5AD3C61}.Debug|Any CPU.Build.0 = Debug|Any CPU
		{10F11A03-AEE5-4EE2-9407-6857E5AD3C61}.Release|Any CPU.ActiveCfg = Release|Any CPU
		{10F11A03-AEE5-4EE2-9407-6857E5AD3C61}.Release|Any CPU.Build.0 = Release|Any CPU
		{61286B19-4E4A-410D-B1FF-19A1F1313F37}.Debug|Any CPU.ActiveCfg = Debug|Any CPU
		{61286B19-4E4A-410D-B1FF-19A1F1313F37}.Debug|Any CPU.Build.0 = Debug|Any CPU
		{61286B19-4E4A-410D-B1FF-19A1F1313F37}.Release|Any CPU.ActiveCfg = Release|Any CPU
		{61286B19-4E4A-410D-B1FF-19A1F1313F37}.Release|Any CPU.Build.0 = Release|Any CPU
		{18E2176E-CFED-447B-82EE-E1962ABC34FD}.Debug|Any CPU.ActiveCfg = Debug|Any CPU
		{18E2176E-CFED-447B-82EE-E1962ABC34FD}.Debug|Any CPU.Build.0 = Debug|Any CPU
		{18E2176E-CFED-447B-82EE-E1962ABC34FD}.Release|Any CPU.ActiveCfg = Release|Any CPU
		{18E2176E-CFED-447B-82EE-E1962ABC34FD}.Release|Any CPU.Build.0 = Release|Any CPU
		{F4D5FA8B-8F33-4CCD-A383-B8AE8E54C9D4}.Debug|Any CPU.ActiveCfg = Debug|Any CPU
		{F4D5FA8B-8F33-4CCD-A383-B8AE8E54C9D4}.Debug|Any CPU.Build.0 = Debug|Any CPU
		{F4D5FA8B-8F33-4CCD-A383-B8AE8E54C9D4}.Release|Any CPU.ActiveCfg = Release|Any CPU
		{F4D5FA8B-8F33-4CCD-A383-B8AE8E54C9D4}.Release|Any CPU.Build.0 = Release|Any CPU
		{BFF45B07-62FE-453C-BFF6-CF15EDBDE96F}.Debug|Any CPU.ActiveCfg = Debug|Any CPU
		{BFF45B07-62FE-453C-BFF6-CF15EDBDE96F}.Debug|Any CPU.Build.0 = Debug|Any CPU
		{BFF45B07-62FE-453C-BFF6-CF15EDBDE96F}.Release|Any CPU.ActiveCfg = Release|Any CPU
		{BFF45B07-62FE-453C-BFF6-CF15EDBDE96F}.Release|Any CPU.Build.0 = Release|Any CPU
		{4CC4B612-6BD6-4C13-B1C9-B7D6010629A5}.Debug|Any CPU.ActiveCfg = Debug|Any CPU
		{4CC4B612-6BD6-4C13-B1C9-B7D6010629A5}.Debug|Any CPU.Build.0 = Debug|Any CPU
		{4CC4B612-6BD6-4C13-B1C9-B7D6010629A5}.Release|Any CPU.ActiveCfg = Release|Any CPU
		{4CC4B612-6BD6-4C13-B1C9-B7D6010629A5}.Release|Any CPU.Build.0 = Release|Any CPU
		{479F2319-E3D2-4ADD-9FAF-10DCBC1D585E}.Debug|Any CPU.ActiveCfg = Debug|Any CPU
		{479F2319-E3D2-4ADD-9FAF-10DCBC1D585E}.Debug|Any CPU.Build.0 = Debug|Any CPU
		{479F2319-E3D2-4ADD-9FAF-10DCBC1D585E}.Release|Any CPU.ActiveCfg = Release|Any CPU
		{479F2319-E3D2-4ADD-9FAF-10DCBC1D585E}.Release|Any CPU.Build.0 = Release|Any CPU
		{FB581BE7-A90F-4FCC-9F5D-D214E0583823}.Debug|Any CPU.ActiveCfg = Debug|Any CPU
		{FB581BE7-A90F-4FCC-9F5D-D214E0583823}.Debug|Any CPU.Build.0 = Debug|Any CPU
		{FB581BE7-A90F-4FCC-9F5D-D214E0583823}.Release|Any CPU.ActiveCfg = Release|Any CPU
		{FB581BE7-A90F-4FCC-9F5D-D214E0583823}.Release|Any CPU.Build.0 = Release|Any CPU
		{DAA6F956-3A8A-4065-B4DD-932ECD468992}.Debug|Any CPU.ActiveCfg = Debug|Any CPU
		{DAA6F956-3A8A-4065-B4DD-932ECD468992}.Debug|Any CPU.Build.0 = Debug|Any CPU
		{DAA6F956-3A8A-4065-B4DD-932ECD468992}.Release|Any CPU.ActiveCfg = Release|Any CPU
		{DAA6F956-3A8A-4065-B4DD-932ECD468992}.Release|Any CPU.Build.0 = Release|Any CPU
		{D1B923BC-3858-4DB7-B57F-3EF014850BF3}.Debug|Any CPU.ActiveCfg = Debug|Any CPU
		{D1B923BC-3858-4DB7-B57F-3EF014850BF3}.Debug|Any CPU.Build.0 = Debug|Any CPU
		{D1B923BC-3858-4DB7-B57F-3EF014850BF3}.Release|Any CPU.ActiveCfg = Release|Any CPU
		{D1B923BC-3858-4DB7-B57F-3EF014850BF3}.Release|Any CPU.Build.0 = Release|Any CPU
		{D4C9486E-0121-4026-AE2E-0FD27D4B8121}.Debug|Any CPU.ActiveCfg = Debug|Any CPU
		{D4C9486E-0121-4026-AE2E-0FD27D4B8121}.Debug|Any CPU.Build.0 = Debug|Any CPU
		{D4C9486E-0121-4026-AE2E-0FD27D4B8121}.Release|Any CPU.ActiveCfg = Release|Any CPU
		{D4C9486E-0121-4026-AE2E-0FD27D4B8121}.Release|Any CPU.Build.0 = Release|Any CPU
		{96051BE9-CBEC-469A-82AE-E94953F0088C}.Debug|Any CPU.ActiveCfg = Debug|Any CPU
		{96051BE9-CBEC-469A-82AE-E94953F0088C}.Debug|Any CPU.Build.0 = Debug|Any CPU
		{96051BE9-CBEC-469A-82AE-E94953F0088C}.Release|Any CPU.ActiveCfg = Release|Any CPU
		{96051BE9-CBEC-469A-82AE-E94953F0088C}.Release|Any CPU.Build.0 = Release|Any CPU
	EndGlobalSection
	GlobalSection(SolutionProperties) = preSolution
		HideSolutionNode = FALSE
	EndGlobalSection
	GlobalSection(ExtensibilityGlobals) = postSolution
		SolutionGuid = {52A346DA-6F08-44B7-965F-F580278E0FF6}
	EndGlobalSection
EndGlobal
